PODS:
  - SoundCastIosSdk (1.5.0.6)

DEPENDENCIES:
  - SoundCastIosSdk (~> 1.5.0.6)

SPEC REPOS:
  https://github.com/cocoapods/specs.git:
    - SoundCastIosSdk

SPEC CHECKSUMS:
  SoundCastIosSdk: adce49dad6bfc2c9580a54d7a758548054c72d09

PODFILE CHECKSUM: bb99ea68f2d25ed00c4e53b78a08074f412f8130

COCOAPODS: 1.5.3
